
Microsoft Visual Studio Solution File, Format Version 12.00
# Visual Studio Version 17
VisualStudioVersion = 17.11.35312.102
MinimumVisualStudioVersion = 10.0.40219.1
Project("{9A19103F-16F7-4668-BE54-9A1E7A4F7556}") = "Shopping.Client", "Shopping.Client\Shopping.Client.csproj", "{2E408687-B0FE-4559-9A16-D49D94413C49}"
EndProject
Project("{9A19103F-16F7-4668-BE54-9A1E7A4F7556}") = "Shopping.API", "Shopping.API\Shopping.API.csproj", "{C61C4857-B372-4BDC-A85A-D718A62BE116}"
EndProject
Project("{E53339B2-1760-4266-BCC7-CA923CBCF16C}") = "docker-compose", "docker-compose.dcproj", "{42CD35C7-4139-4701-9279-495146EF262E}"
EndProject
Global
	GlobalSection(SolutionConfigurationPlatforms) = preSolution
		Debug|Any CPU = Debug|Any CPU
		Release|Any CPU = Release|Any CPU
	EndGlobalSection
	GlobalSection(ProjectConfigurationPlatforms) = postSolution
		{2E408687-B0FE-4559-9A16-D49D94413C49}.Debug|Any CPU.ActiveCfg = Debug|Any CPU
		{2E408687-B0FE-4559-9A16-D49D94413C49}.Debug|Any CPU.Build.0 = Debug|Any CPU
		{2E408687-B0FE-4559-9A16-D49D94413C49}.Release|Any CPU.ActiveCfg = Release|Any CPU
		{2E408687-B0FE-4559-9A16-D49D94413C49}.Release|Any CPU.Build.0 = Release|Any CPU
		{C61C4857-B372-4BDC-A85A-D718A62BE116}.Debug|Any CPU.ActiveCfg = Debug|Any CPU
		{C61C4857-B372-4BDC-A85A-D718A62BE116}.Debug|Any CPU.Build.0 = Debug|Any CPU
		{C61C4857-B372-4BDC-A85A-D718A62BE116}.Release|Any CPU.ActiveCfg = Release|Any CPU
		{C61C4857-B372-4BDC-A85A-D718A62BE116}.Release|Any CPU.Build.0 = Release|Any CPU
		{42CD35C7-4139-4701-9279-495146EF262E}.Debug|Any CPU.ActiveCfg = Debug|Any CPU
		{42CD35C7-4139-4701-9279-495146EF262E}.Debug|Any CPU.Build.0 = Debug|Any CPU
		{42CD35C7-4139-4701-9279-495146EF262E}.Release|Any CPU.ActiveCfg = Release|Any CPU
		{42CD35C7-4139-4701-9279-495146EF262E}.Release|Any CPU.Build.0 = Release|Any CPU
	EndGlobalSection
	GlobalSection(SolutionProperties) = preSolution
		HideSolutionNode = FALSE
	EndGlobalSection
	GlobalSection(ExtensibilityGlobals) = postSolution
		SolutionGuid = {40FD3880-77E6-46AE-A8EE-CB2EB56CDA74}
	EndGlobalSection
EndGlobal
